
Microsoft Visual Studio Solution File, Format Version 12.00
# Visual Studio Version 17
VisualStudioVersion = 17.13.35931.197
MinimumVisualStudioVersion = 10.0.40219.1
Project("{FAE04EC0-301F-11D3-BF4B-00C04F79EFBC}") = "ThinkITAM", "ThinkITAM\ThinkITAM.csproj", "{6AF44CC5-0CD2-44E2-87A0-D203F555195B}"
EndProject
Project("{C7167F0D-BC9F-4E6E-AFE1-012C56B48DB5}") = "ThinkITAMpackag", "ThinkITAMpackag\ThinkITAMpackag.wapproj", "{04179EC7-B176-4D89-B227-C65F2BBDD19F}"
EndProject
Project("{C7167F0D-BC9F-4E6E-AFE1-012C56B48DB5}") = "ThinkITAM-package", "ThinkITAM-package\ThinkITAM-package.wapproj", "{AA684EC6-BF86-4FB9-AFF5-9B452680FD28}"
EndProject
Global
	GlobalSection(SolutionConfigurationPlatforms) = preSolution
		Debug|Any CPU = Debug|Any CPU
		Debug|ARM32 = Debug|ARM32
		Debug|ARM64 = Debug|ARM64
		Debug|x64 = Debug|x64
		Debug|x86 = Debug|x86
		Release|Any CPU = Release|Any CPU
		Release|ARM32 = Release|ARM32
		Release|ARM64 = Release|ARM64
		Release|x64 = Release|x64
		Release|x86 = Release|x86
	EndGlobalSection
	GlobalSection(ProjectConfigurationPlatforms) = postSolution
		{6AF44CC5-0CD2-44E2-87A0-D203F555195B}.Debug|Any CPU.ActiveCfg = Debug|Any CPU
		{6AF44CC5-0CD2-44E2-87A0-D203F555195B}.Debug|Any CPU.Build.0 = Debug|Any CPU
		{6AF44CC5-0CD2-44E2-87A0-D203F555195B}.Debug|ARM32.ActiveCfg = Debug|ARM32
		{6AF44CC5-0CD2-44E2-87A0-D203F555195B}.Debug|ARM32.Build.0 = Debug|ARM32
		{6AF44CC5-0CD2-44E2-87A0-D203F555195B}.Debug|ARM64.ActiveCfg = Debug|ARM64
		{6AF44CC5-0CD2-44E2-87A0-D203F555195B}.Debug|ARM64.Build.0 = Debug|ARM64
		{6AF44CC5-0CD2-44E2-87A0-D203F555195B}.Debug|x64.ActiveCfg = Debug|x64
		{6AF44CC5-0CD2-44E2-87A0-D203F555195B}.Debug|x64.Build.0 = Debug|x64
		{6AF44CC5-0CD2-44E2-87A0-D203F555195B}.Debug|x86.ActiveCfg = Debug|x86
		{6AF44CC5-0CD2-44E2-87A0-D203F555195B}.Debug|x86.Build.0 = Debug|x86
		{6AF44CC5-0CD2-44E2-87A0-D203F555195B}.Release|Any CPU.ActiveCfg = Release|Any CPU
		{6AF44CC5-0CD2-44E2-87A0-D203F555195B}.Release|Any CPU.Build.0 = Release|Any CPU
		{6AF44CC5-0CD2-44E2-87A0-D203F555195B}.Release|ARM32.ActiveCfg = Release|ARM32
		{6AF44CC5-0CD2-44E2-87A0-D203F555195B}.Release|ARM32.Build.0 = Release|ARM32
		{6AF44CC5-0CD2-44E2-87A0-D203F555195B}.Release|ARM64.ActiveCfg = Release|ARM64
		{6AF44CC5-0CD2-44E2-87A0-D203F555195B}.Release|ARM64.Build.0 = Release|ARM64
		{6AF44CC5-0CD2-44E2-87A0-D203F555195B}.Release|x64.ActiveCfg = Release|x64
		{6AF44CC5-0CD2-44E2-87A0-D203F555195B}.Release|x64.Build.0 = Release|x64
		{6AF44CC5-0CD2-44E2-87A0-D203F555195B}.Release|x86.ActiveCfg = Release|x86
		{6AF44CC5-0CD2-44E2-87A0-D203F555195B}.Release|x86.Build.0 = Release|x86
		{04179EC7-B176-4D89-B227-C65F2BBDD19F}.Debug|Any CPU.ActiveCfg = Debug|Any CPU
		{04179EC7-B176-4D89-B227-C65F2BBDD19F}.Debug|Any CPU.Build.0 = Debug|Any CPU
		{04179EC7-B176-4D89-B227-C65F2BBDD19F}.Debug|Any CPU.Deploy.0 = Debug|Any CPU
		{04179EC7-B176-4D89-B227-C65F2BBDD19F}.Debug|ARM32.ActiveCfg = Debug|Any CPU
		{04179EC7-B176-4D89-B227-C65F2BBDD19F}.Debug|ARM32.Build.0 = Debug|Any CPU
		{04179EC7-B176-4D89-B227-C65F2BBDD19F}.Debug|ARM32.Deploy.0 = Debug|Any CPU
		{04179EC7-B176-4D89-B227-C65F2BBDD19F}.Debug|ARM64.ActiveCfg = Debug|ARM64
		{04179EC7-B176-4D89-B227-C65F2BBDD19F}.Debug|ARM64.Build.0 = Debug|ARM64
		{04179EC7-B176-4D89-B227-C65F2BBDD19F}.Debug|ARM64.Deploy.0 = Debug|ARM64
		{04179EC7-B176-4D89-B227-C65F2BBDD19F}.Debug|x64.ActiveCfg = Debug|x64
		{04179EC7-B176-4D89-B227-C65F2BBDD19F}.Debug|x64.Build.0 = Debug|x64
		{04179EC7-B176-4D89-B227-C65F2BBDD19F}.Debug|x64.Deploy.0 = Debug|x64
		{04179EC7-B176-4D89-B227-C65F2BBDD19F}.Debug|x86.ActiveCfg = Debug|x86
		{04179EC7-B176-4D89-B227-C65F2BBDD19F}.Debug|x86.Build.0 = Debug|x86
		{04179EC7-B176-4D89-B227-C65F2BBDD19F}.Debug|x86.Deploy.0 = Debug|x86
		{04179EC7-B176-4D89-B227-C65F2BBDD19F}.Release|Any CPU.ActiveCfg = Release|Any CPU
		{04179EC7-B176-4D89-B227-C65F2BBDD19F}.Release|Any CPU.Build.0 = Release|Any CPU
		{04179EC7-B176-4D89-B227-C65F2BBDD19F}.Release|Any CPU.Deploy.0 = Release|Any CPU
		{04179EC7-B176-4D89-B227-C65F2BBDD19F}.Release|ARM32.ActiveCfg = Release|Any CPU
		{04179EC7-B176-4D89-B227-C65F2BBDD19F}.Release|ARM32.Build.0 = Release|Any CPU
		{04179EC7-B176-4D89-B227-C65F2BBDD19F}.Release|ARM32.Deploy.0 = Release|Any CPU
		{04179EC7-B176-4D89-B227-C65F2BBDD19F}.Release|ARM64.ActiveCfg = Release|ARM64
		{04179EC7-B176-4D89-B227-C65F2BBDD19F}.Release|ARM64.Build.0 = Release|ARM64
		{04179EC7-B176-4D89-B227-C65F2BBDD19F}.Release|ARM64.Deploy.0 = Release|ARM64
		{04179EC7-B176-4D89-B227-C65F2BBDD19F}.Release|x64.ActiveCfg = Release|x64
		{04179EC7-B176-4D89-B227-C65F2BBDD19F}.Release|x64.Build.0 = Release|x64
		{04179EC7-B176-4D89-B227-C65F2BBDD19F}.Release|x64.Deploy.0 = Release|x64
		{04179EC7-B176-4D89-B227-C65F2BBDD19F}.Release|x86.ActiveCfg = Release|x86
		{04179EC7-B176-4D89-B227-C65F2BBDD19F}.Release|x86.Build.0 = Release|x86
		{04179EC7-B176-4D89-B227-C65F2BBDD19F}.Release|x86.Deploy.0 = Release|x86
		{AA684EC6-BF86-4FB9-AFF5-9B452680FD28}.Debug|Any CPU.ActiveCfg = Debug|Any CPU
		{AA684EC6-BF86-4FB9-AFF5-9B452680FD28}.Debug|Any CPU.Build.0 = Debug|Any CPU
		{AA684EC6-BF86-4FB9-AFF5-9B452680FD28}.Debug|Any CPU.Deploy.0 = Debug|Any CPU
		{AA684EC6-BF86-4FB9-AFF5-9B452680FD28}.Debug|ARM32.ActiveCfg = Debug|Any CPU
		{AA684EC6-BF86-4FB9-AFF5-9B452680FD28}.Debug|ARM32.Build.0 = Debug|Any CPU
		{AA684EC6-BF86-4FB9-AFF5-9B452680FD28}.Debug|ARM32.Deploy.0 = Debug|Any CPU
		{AA684EC6-BF86-4FB9-AFF5-9B452680FD28}.Debug|ARM64.ActiveCfg = Debug|ARM64
		{AA684EC6-BF86-4FB9-AFF5-9B452680FD28}.Debug|ARM64.Build.0 = Debug|ARM64
		{AA684EC6-BF86-4FB9-AFF5-9B452680FD28}.Debug|ARM64.Deploy.0 = Debug|ARM64
		{AA684EC6-BF86-4FB9-AFF5-9B452680FD28}.Debug|x64.ActiveCfg = Debug|x64
		{AA684EC6-BF86-4FB9-AFF5-9B452680FD28}.Debug|x64.Build.0 = Debug|x64
		{AA684EC6-BF86-4FB9-AFF5-9B452680FD28}.Debug|x64.Deploy.0 = Debug|x64
		{AA684EC6-BF86-4FB9-AFF5-9B452680FD28}.Debug|x86.ActiveCfg = Debug|x86
		{AA684EC6-BF86-4FB9-AFF5-9B452680FD28}.Debug|x86.Build.0 = Debug|x86
		{AA684EC6-BF86-4FB9-AFF5-9B452680FD28}.Debug|x86.Deploy.0 = Debug|x86
		{AA684EC6-BF86-4FB9-AFF5-9B452680FD28}.Release|Any CPU.ActiveCfg = Release|Any CPU
		{AA684EC6-BF86-4FB9-AFF5-9B452680FD28}.Release|Any CPU.Build.0 = Release|Any CPU
		{AA684EC6-BF86-4FB9-AFF5-9B452680FD28}.Release|Any CPU.Deploy.0 = Release|Any CPU
		{AA684EC6-BF86-4FB9-AFF5-9B452680FD28}.Release|ARM32.ActiveCfg = Release|Any CPU
		{AA684EC6-BF86-4FB9-AFF5-9B452680FD28}.Release|ARM32.Build.0 = Release|Any CPU
		{AA684EC6-BF86-4FB9-AFF5-9B452680FD28}.Release|ARM32.Deploy.0 = Release|Any CPU
		{AA684EC6-BF86-4FB9-AFF5-9B452680FD28}.Release|ARM64.ActiveCfg = Release|ARM64
		{AA684EC6-BF86-4FB9-AFF5-9B452680FD28}.Release|ARM64.Build.0 = Release|ARM64
		{AA684EC6-BF86-4FB9-AFF5-9B452680FD28}.Release|ARM64.Deploy.0 = Release|ARM64
		{AA684EC6-BF86-4FB9-AFF5-9B452680FD28}.Release|x64.ActiveCfg = Release|x64
		{AA684EC6-BF86-4FB9-AFF5-9B452680FD28}.Release|x64.Build.0 = Release|x64
		{AA684EC6-BF86-4FB9-AFF5-9B452680FD28}.Release|x64.Deploy.0 = Release|x64
		{AA684EC6-BF86-4FB9-AFF5-9B452680FD28}.Release|x86.ActiveCfg = Release|x86
		{AA684EC6-BF86-4FB9-AFF5-9B452680FD28}.Release|x86.Build.0 = Release|x86
		{AA684EC6-BF86-4FB9-AFF5-9B452680FD28}.Release|x86.Deploy.0 = Release|x86
	EndGlobalSection
	GlobalSection(SolutionProperties) = preSolution
		HideSolutionNode = FALSE
	EndGlobalSection
	GlobalSection(ExtensibilityGlobals) = postSolution
		SolutionGuid = {D8AE2D12-E583-48B9-8B1A-85368751D7DE}
	EndGlobalSection
EndGlobal
